// !$*UTF8*$!
{
	archiveVersion = 1;
	classes = {
	};
	objectVersion = 51;
	objects = {

/* Begin PBXBuildFile section */
		6962692B8CE9CF4740829139 /* Pods_MasonryStyleLayoutTests.framework in Frameworks */ = {isa = PBXBuildFile; fileRef = 51A4C14690FA320780EEB20B /* Pods_MasonryStyleLayoutTests.framework */; };
		DE1A0D9121F0D88D004EBAF9 /* CategoryNumberType.swift in Sources */ = {isa = PBXBuildFile; fileRef = DE1A0D9021F0D88D004EBAF9 /* CategoryNumberType.swift */; };
		DE2823B321FABA6600D1CBE3 /* GlobalTabBar.storyboard in Resources */ = {isa = PBXBuildFile; fileRef = DE2823B121FABA6600D1CBE3 /* GlobalTabBar.storyboard */; };
		DE2823B621FABA9A00D1CBE3 /* Detail.storyboard in Resources */ = {isa = PBXBuildFile; fileRef = DE2823B421FABA9A00D1CBE3 /* Detail.storyboard */; };
		DE2823B821FABE1200D1CBE3 /* TabBarItemsType.swift in Sources */ = {isa = PBXBuildFile; fileRef = DE2823B721FABE1200D1CBE3 /* TabBarItemsType.swift */; };
		DE2823BD21FABFCA00D1CBE3 /* Setting.storyboard in Resources */ = {isa = PBXBuildFile; fileRef = DE2823BB21FABFCA00D1CBE3 /* Setting.storyboard */; };
		DE2823BF21FAC23B00D1CBE3 /* GlobaTabBarController.swift in Sources */ = {isa = PBXBuildFile; fileRef = DE2823BE21FAC23B00D1CBE3 /* GlobaTabBarController.swift */; };
		DE2823C121FAC26800D1CBE3 /* SettingViewController.swift in Sources */ = {isa = PBXBuildFile; fileRef = DE2823C021FAC26800D1CBE3 /* SettingViewController.swift */; };
		DE2823C321FADBE300D1CBE3 /* setting.md in Resources */ = {isa = PBXBuildFile; fileRef = DE2823C221FADBE200D1CBE3 /* setting.md */; };
		DE57379821F1E9E6006DE44A /* UIViewControllerExtension.swift in Sources */ = {isa = PBXBuildFile; fileRef = DE57379721F1E9E6006DE44A /* UIViewControllerExtension.swift */; };
		DE5737AF21F5B08B006DE44A /* page3.json in Resources */ = {isa = PBXBuildFile; fileRef = DE5737AA21F5B08B006DE44A /* page3.json */; };
		DE5737B021F5B08B006DE44A /* page1.json in Resources */ = {isa = PBXBuildFile; fileRef = DE5737AB21F5B08B006DE44A /* page1.json */; };
		DE5737B121F5B08B006DE44A /* page4.json in Resources */ = {isa = PBXBuildFile; fileRef = DE5737AC21F5B08B006DE44A /* page4.json */; };
		DE5737B221F5B08B006DE44A /* page2.json in Resources */ = {isa = PBXBuildFile; fileRef = DE5737AD21F5B08B006DE44A /* page2.json */; };
		DE5737B321F5B08B006DE44A /* detail.json in Resources */ = {isa = PBXBuildFile; fileRef = DE5737AE21F5B08B006DE44A /* detail.json */; };
		DE5737B521F5B0E2006DE44A /* MockPhotoGalleryListState.swift in Sources */ = {isa = PBXBuildFile; fileRef = DE5737B421F5B0E2006DE44A /* MockPhotoGalleryListState.swift */; };
		DE5737B721F5B15B006DE44A /* MockMealsAPIManager.swift in Sources */ = {isa = PBXBuildFile; fileRef = DE5737B621F5B15B006DE44A /* MockMealsAPIManager.swift */; };
		DE5737BB21F73405006DE44A /* DetailContentsViewController.swift in Sources */ = {isa = PBXBuildFile; fileRef = DE5737BA21F73405006DE44A /* DetailContentsViewController.swift */; };
		DE5737C021F76D56006DE44A /* PhotoGalleryDetailInformationView.swift in Sources */ = {isa = PBXBuildFile; fileRef = DE5737BF21F76D56006DE44A /* PhotoGalleryDetailInformationView.swift */; };
		DE5737C221F76D66006DE44A /* PhotoGalleryDetailInformationView.xib in Resources */ = {isa = PBXBuildFile; fileRef = DE5737C121F76D66006DE44A /* PhotoGalleryDetailInformationView.xib */; };
		DE5737C621F81535006DE44A /* DetailPhotoPageViewController.swift in Sources */ = {isa = PBXBuildFile; fileRef = DE5737C521F81535006DE44A /* DetailPhotoPageViewController.swift */; };
		DE5737C821F81A6E006DE44A /* PhotoGalleryDetailRatingView.swift in Sources */ = {isa = PBXBuildFile; fileRef = DE5737C721F81A6E006DE44A /* PhotoGalleryDetailRatingView.swift */; };
		DE5737CA21F81A7A006DE44A /* PhotoGalleryDetailRatingView.xib in Resources */ = {isa = PBXBuildFile; fileRef = DE5737C921F81A7A006DE44A /* PhotoGalleryDetailRatingView.xib */; };
		DE5737CC21F82FA9006DE44A /* PhotoGalleryDetailPickButtonView.swift in Sources */ = {isa = PBXBuildFile; fileRef = DE5737CB21F82FA9006DE44A /* PhotoGalleryDetailPickButtonView.swift */; };
		DE5737CF21F82FBD006DE44A /* PhotoGalleryDetailPickButtonView.xib in Resources */ = {isa = PBXBuildFile; fileRef = DE5737CE21F82FBD006DE44A /* PhotoGalleryDetailPickButtonView.xib */; };
		DE5737D321F86EE6006DE44A /* PhotoGalleryRelatedTitleView.xib in Resources */ = {isa = PBXBuildFile; fileRef = DE5737D221F86EE6006DE44A /* PhotoGalleryRelatedTitleView.xib */; };
		DE5737D521F86EF4006DE44A /* PhotoGalleryRelatedTitleView.swift in Sources */ = {isa = PBXBuildFile; fileRef = DE5737D421F86EF4006DE44A /* PhotoGalleryRelatedTitleView.swift */; };
		DE5737D721F87047006DE44A /* PhotoGalleryRelatedErrorView.xib in Resources */ = {isa = PBXBuildFile; fileRef = DE5737D621F87047006DE44A /* PhotoGalleryRelatedErrorView.xib */; };
		DE5737D921F87062006DE44A /* PhotoGalleryRelatedErrorView.swift in Sources */ = {isa = PBXBuildFile; fileRef = DE5737D821F87062006DE44A /* PhotoGalleryRelatedErrorView.swift */; };
		DE5737DC21F8C1B9006DE44A /* DesignFormatter.swift in Sources */ = {isa = PBXBuildFile; fileRef = DE5737DB21F8C1B8006DE44A /* DesignFormatter.swift */; };
		DE5737DE21F9626C006DE44A /* PhotoGalleryDetailState.swift in Sources */ = {isa = PBXBuildFile; fileRef = DE5737DD21F9626C006DE44A /* PhotoGalleryDetailState.swift */; };
		DE5737E021F968BC006DE44A /* recommend.json in Resources */ = {isa = PBXBuildFile; fileRef = DE5737DF21F968BB006DE44A /* recommend.json */; };
		DE5737E221F9696E006DE44A /* PhotoGalleryDetailViewModel.swift in Sources */ = {isa = PBXBuildFile; fileRef = DE5737E121F9696E006DE44A /* PhotoGalleryDetailViewModel.swift */; };
		DE5737E421F99C91006DE44A /* Constants.swift in Sources */ = {isa = PBXBuildFile; fileRef = DE5737E321F99C91006DE44A /* Constants.swift */; };
		DEA85C19232F2F82000BC1F7 /* WaterfallLayout.swift in Sources */ = {isa = PBXBuildFile; fileRef = DEA85C18232F2F82000BC1F7 /* WaterfallLayout.swift */; };
		DED072A821E4B70E0073963C /* MealsAPIManager.swift in Sources */ = {isa = PBXBuildFile; fileRef = DED072A721E4B70E0073963C /* MealsAPIManager.swift */; };
		DED072AF21E855C10073963C /* PhotoGalleryListViewModel.swift in Sources */ = {isa = PBXBuildFile; fileRef = DED072AE21E855C10073963C /* PhotoGalleryListViewModel.swift */; };
		DED072B221E85F640073963C /* PhotoGalleryListState.swift in Sources */ = {isa = PBXBuildFile; fileRef = DED072B121E85F640073963C /* PhotoGalleryListState.swift */; };
		DED072B421E862D60073963C /* PhotoEntity.swift in Sources */ = {isa = PBXBuildFile; fileRef = DED072B321E862D60073963C /* PhotoEntity.swift */; };
		DED117CA21E2ED5300ABD919 /* AppDelegate.swift in Sources */ = {isa = PBXBuildFile; fileRef = DED117C921E2ED5300ABD919 /* AppDelegate.swift */; };
		DED117CC21E2ED5300ABD919 /* MainContentsViewController.swift in Sources */ = {isa = PBXBuildFile; fileRef = DED117CB21E2ED5300ABD919 /* MainContentsViewController.swift */; };
		DED117CF21E2ED5300ABD919 /* Main.storyboard in Resources */ = {isa = PBXBuildFile; fileRef = DED117CD21E2ED5300ABD919 /* Main.storyboard */; };
		DED117D121E2ED5900ABD919 /* Assets.xcassets in Resources */ = {isa = PBXBuildFile; fileRef = DED117D021E2ED5900ABD919 /* Assets.xcassets */; };
		DED117D421E2ED5900ABD919 /* LaunchScreen.storyboard in Resources */ = {isa = PBXBuildFile; fileRef = DED117D221E2ED5900ABD919 /* LaunchScreen.storyboard */; };
		DED117DF21E2ED5900ABD919 /* MasonryStyleLayoutTests.swift in Sources */ = {isa = PBXBuildFile; fileRef = DED117DE21E2ED5900ABD919 /* MasonryStyleLayoutTests.swift */; };
		DED117EA21E2ED5900ABD919 /* MasonryStyleLayoutUITests.swift in Sources */ = {isa = PBXBuildFile; fileRef = DED117E921E2ED5900ABD919 /* MasonryStyleLayoutUITests.swift */; };
		DED117FD21E34E7300ABD919 /* NSObjectProtocolExtension.swift in Sources */ = {isa = PBXBuildFile; fileRef = DED117FC21E34E7300ABD919 /* NSObjectProtocolExtension.swift */; };
		DED117FF21E352EC00ABD919 /* UICollectionViewExtension.swift in Sources */ = {isa = PBXBuildFile; fileRef = DED117FE21E352EC00ABD919 /* UICollectionViewExtension.swift */; };
		DED1180321E3551D00ABD919 /* PhotoGalleryCollectionViewCell.swift in Sources */ = {isa = PBXBuildFile; fileRef = DED1180121E3551C00ABD919 /* PhotoGalleryCollectionViewCell.swift */; };
		DED1180421E3551D00ABD919 /* PhotoGalleryCollectionViewCell.xib in Resources */ = {isa = PBXBuildFile; fileRef = DED1180221E3551C00ABD919 /* PhotoGalleryCollectionViewCell.xib */; };
		DEFFA02B21EDC2F3006C1C1B /* UIColorExtension.swift in Sources */ = {isa = PBXBuildFile; fileRef = DEFFA02A21EDC2F3006C1C1B /* UIColorExtension.swift */; };
		DEFFA02F21EEE2A6006C1C1B /* PhotoGalleryCollectionHeaderView.swift in Sources */ = {isa = PBXBuildFile; fileRef = DEFFA02D21EEE2A6006C1C1B /* PhotoGalleryCollectionHeaderView.swift */; };
		DEFFA03021EEE2A6006C1C1B /* PhotoGalleryCollectionHeaderView.xib in Resources */ = {isa = PBXBuildFile; fileRef = DEFFA02E21EEE2A6006C1C1B /* PhotoGalleryCollectionHeaderView.xib */; };
		DEFFA03521F04FA0006C1C1B /* CustomViewBase.swift in Sources */ = {isa = PBXBuildFile; fileRef = DEFFA03421F04FA0006C1C1B /* CustomViewBase.swift */; };
		DEFFA03721F05066006C1C1B /* PhotoGalleryHandleButtonView.swift in Sources */ = {isa = PBXBuildFile; fileRef = DEFFA03621F05066006C1C1B /* PhotoGalleryHandleButtonView.swift */; };
		DEFFA03921F05082006C1C1B /* PhotoGalleryHandleButtonView.xib in Resources */ = {isa = PBXBuildFile; fileRef = DEFFA03821F05082006C1C1B /* PhotoGalleryHandleButtonView.xib */; };
		FCEBE954614D8AAB609896C6 /* Pods_MasonryStyleLayout.framework in Frameworks */ = {isa = PBXBuildFile; fileRef = 083FF03CBA96B988758FAEA2 /* Pods_MasonryStyleLayout.framework */; };
/* End PBXBuildFile section */

/* Begin PBXContainerItemProxy section */
		DED117DB21E2ED5900ABD919 /* PBXContainerItemProxy */ = {
			isa = PBXContainerItemProxy;
			containerPortal = DED117BE21E2ED5200ABD919 /* Project object */;
			proxyType = 1;
			remoteGlobalIDString = DED117C521E2ED5200ABD919;
			remoteInfo = MasonryStyleLayout;
		};
		DED117E621E2ED5900ABD919 /* PBXContainerItemProxy */ = {
			isa = PBXContainerItemProxy;
			containerPortal = DED117BE21E2ED5200ABD919 /* Project object */;
			proxyType = 1;
			remoteGlobalIDString = DED117C521E2ED5200ABD919;
			remoteInfo = MasonryStyleLayout;
		};
/* End PBXContainerItemProxy section */

/* Begin PBXFileReference section */
		083FF03CBA96B988758FAEA2 /* Pods_MasonryStyleLayout.framework */ = {isa = PBXFileReference; explicitFileType = wrapper.framework; includeInIndex = 0; path = Pods_MasonryStyleLayout.framework; sourceTree = BUILT_PRODUCTS_DIR; };
		1D49ABA57B92FC5AA1B2AE5D /* Pods-MasonryStyleLayout.release.xcconfig */ = {isa = PBXFileReference; includeInIndex = 1; lastKnownFileType = text.xcconfig; name = "Pods-MasonryStyleLayout.release.xcconfig"; path = "Pods/Target Support Files/Pods-MasonryStyleLayout/Pods-MasonryStyleLayout.release.xcconfig"; sourceTree = "<group>"; };
		51A4C14690FA320780EEB20B /* Pods_MasonryStyleLayoutTests.framework */ = {isa = PBXFileReference; explicitFileType = wrapper.framework; includeInIndex = 0; path = Pods_MasonryStyleLayoutTests.framework; sourceTree = BUILT_PRODUCTS_DIR; };
		7D1B8B6AE08192F41080C15E /* Pods-MasonryStyleLayoutTests.release.xcconfig */ = {isa = PBXFileReference; includeInIndex = 1; lastKnownFileType = text.xcconfig; name = "Pods-MasonryStyleLayoutTests.release.xcconfig"; path = "Pods/Target Support Files/Pods-MasonryStyleLayoutTests/Pods-MasonryStyleLayoutTests.release.xcconfig"; sourceTree = "<group>"; };
		B971CF1B5CD79F18299B1A47 /* Pods-MasonryStyleLayout.debug.xcconfig */ = {isa = PBXFileReference; includeInIndex = 1; lastKnownFileType = text.xcconfig; name = "Pods-MasonryStyleLayout.debug.xcconfig"; path = "Pods/Target Support Files/Pods-MasonryStyleLayout/Pods-MasonryStyleLayout.debug.xcconfig"; sourceTree = "<group>"; };
		CEA5238B3B8CCEAA9E6C8ED6 /* Pods-MasonryStyleLayoutTests.debug.xcconfig */ = {isa = PBXFileReference; includeInIndex = 1; lastKnownFileType = text.xcconfig; name = "Pods-MasonryStyleLayoutTests.debug.xcconfig"; path = "Pods/Target Support Files/Pods-MasonryStyleLayoutTests/Pods-MasonryStyleLayoutTests.debug.xcconfig"; sourceTree = "<group>"; };
		DE1A0D9021F0D88D004EBAF9 /* CategoryNumberType.swift */ = {isa = PBXFileReference; lastKnownFileType = sourcecode.swift; path = CategoryNumberType.swift; sourceTree = "<group>"; };
		DE2823B221FABA6600D1CBE3 /* Base */ = {isa = PBXFileReference; lastKnownFileType = file.storyboard; name = Base; path = Base.lproj/GlobalTabBar.storyboard; sourceTree = "<group>"; };
		DE2823B521FABA9A00D1CBE3 /* Base */ = {isa = PBXFileReference; lastKnownFileType = file.storyboard; name = Base; path = Base.lproj/Detail.storyboard; sourceTree = "<group>"; };
		DE2823B721FABE1200D1CBE3 /* TabBarItemsType.swift */ = {isa = PBXFileReference; lastKnownFileType = sourcecode.swift; path = TabBarItemsType.swift; sourceTree = "<group>"; };
		DE2823BC21FABFCA00D1CBE3 /* Base */ = {isa = PBXFileReference; lastKnownFileType = file.storyboard; name = Base; path = Base.lproj/Setting.storyboard; sourceTree = "<group>"; };
		DE2823BE21FAC23B00D1CBE3 /* GlobaTabBarController.swift */ = {isa = PBXFileReference; lastKnownFileType = sourcecode.swift; path = GlobaTabBarController.swift; sourceTree = "<group>"; };
		DE2823C021FAC26800D1CBE3 /* SettingViewController.swift */ = {isa = PBXFileReference; lastKnownFileType = sourcecode.swift; path = SettingViewController.swift; sourceTree = "<group>"; };
		DE2823C221FADBE200D1CBE3 /* setting.md */ = {isa = PBXFileReference; fileEncoding = 4; lastKnownFileType = net.daringfireball.markdown; path = setting.md; sourceTree = "<group>"; };
		DE57379721F1E9E6006DE44A /* UIViewControllerExtension.swift */ = {isa = PBXFileReference; lastKnownFileType = sourcecode.swift; path = UIViewControllerExtension.swift; sourceTree = "<group>"; };
		DE5737AA21F5B08B006DE44A /* page3.json */ = {isa = PBXFileReference; fileEncoding = 4; lastKnownFileType = text.json; path = page3.json; sourceTree = "<group>"; };
		DE5737AB21F5B08B006DE44A /* page1.json */ = {isa = PBXFileReference; fileEncoding = 4; lastKnownFileType = text.json; path = page1.json; sourceTree = "<group>"; };
		DE5737AC21F5B08B006DE44A /* page4.json */ = {isa = PBXFileReference; fileEncoding = 4; lastKnownFileType = text.json; path = page4.json; sourceTree = "<group>"; };
		DE5737AD21F5B08B006DE44A /* page2.json */ = {isa = PBXFileReference; fileEncoding = 4; lastKnownFileType = text.json; path = page2.json; sourceTree = "<group>"; };
		DE5737AE21F5B08B006DE44A /* detail.json */ = {isa = PBXFileReference; fileEncoding = 4; lastKnownFileType = text.json; path = detail.json; sourceTree = "<group>"; };
		DE5737B421F5B0E2006DE44A /* MockPhotoGalleryListState.swift */ = {isa = PBXFileReference; lastKnownFileType = sourcecode.swift; path = MockPhotoGalleryListState.swift; sourceTree = "<group>"; };
		DE5737B621F5B15B006DE44A /* MockMealsAPIManager.swift */ = {isa = PBXFileReference; lastKnownFileType = sourcecode.swift; path = MockMealsAPIManager.swift; sourceTree = "<group>"; };
		DE5737BA21F73405006DE44A /* DetailContentsViewController.swift */ = {isa = PBXFileReference; lastKnownFileType = sourcecode.swift; path = DetailContentsViewController.swift; sourceTree = "<group>"; };
		DE5737BF21F76D56006DE44A /* PhotoGalleryDetailInformationView.swift */ = {isa = PBXFileReference; lastKnownFileType = sourcecode.swift; path = PhotoGalleryDetailInformationView.swift; sourceTree = "<group>"; };
		DE5737C121F76D66006DE44A /* PhotoGalleryDetailInformationView.xib */ = {isa = PBXFileReference; lastKnownFileType = file.xib; path = PhotoGalleryDetailInformationView.xib; sourceTree = "<group>"; };
		DE5737C521F81535006DE44A /* DetailPhotoPageViewController.swift */ = {isa = PBXFileReference; lastKnownFileType = sourcecode.swift; path = DetailPhotoPageViewController.swift; sourceTree = "<group>"; };
		DE5737C721F81A6E006DE44A /* PhotoGalleryDetailRatingView.swift */ = {isa = PBXFileReference; lastKnownFileType = sourcecode.swift; path = PhotoGalleryDetailRatingView.swift; sourceTree = "<group>"; };
		DE5737C921F81A7A006DE44A /* PhotoGalleryDetailRatingView.xib */ = {isa = PBXFileReference; lastKnownFileType = file.xib; path = PhotoGalleryDetailRatingView.xib; sourceTree = "<group>"; };
		DE5737CB21F82FA9006DE44A /* PhotoGalleryDetailPickButtonView.swift */ = {isa = PBXFileReference; lastKnownFileType = sourcecode.swift; path = PhotoGalleryDetailPickButtonView.swift; sourceTree = "<group>"; };
		DE5737CE21F82FBD006DE44A /* PhotoGalleryDetailPickButtonView.xib */ = {isa = PBXFileReference; lastKnownFileType = file.xib; path = PhotoGalleryDetailPickButtonView.xib; sourceTree = "<group>"; };
		DE5737D221F86EE6006DE44A /* PhotoGalleryRelatedTitleView.xib */ = {isa = PBXFileReference; lastKnownFileType = file.xib; path = PhotoGalleryRelatedTitleView.xib; sourceTree = "<group>"; };
		DE5737D421F86EF4006DE44A /* PhotoGalleryRelatedTitleView.swift */ = {isa = PBXFileReference; lastKnownFileType = sourcecode.swift; path = PhotoGalleryRelatedTitleView.swift; sourceTree = "<group>"; };
		DE5737D621F87047006DE44A /* PhotoGalleryRelatedErrorView.xib */ = {isa = PBXFileReference; lastKnownFileType = file.xib; path = PhotoGalleryRelatedErrorView.xib; sourceTree = "<group>"; };
		DE5737D821F87062006DE44A /* PhotoGalleryRelatedErrorView.swift */ = {isa = PBXFileReference; lastKnownFileType = sourcecode.swift; path = PhotoGalleryRelatedErrorView.swift; sourceTree = "<group>"; };
		DE5737DB21F8C1B8006DE44A /* DesignFormatter.swift */ = {isa = PBXFileReference; lastKnownFileType = sourcecode.swift; path = DesignFormatter.swift; sourceTree = "<group>"; };
		DE5737DD21F9626C006DE44A /* PhotoGalleryDetailState.swift */ = {isa = PBXFileReference; lastKnownFileType = sourcecode.swift; path = PhotoGalleryDetailState.swift; sourceTree = "<group>"; };
		DE5737DF21F968BB006DE44A /* recommend.json */ = {isa = PBXFileReference; fileEncoding = 4; lastKnownFileType = text.json; path = recommend.json; sourceTree = "<group>"; };
		DE5737E121F9696E006DE44A /* PhotoGalleryDetailViewModel.swift */ = {isa = PBXFileReference; lastKnownFileType = sourcecode.swift; path = PhotoGalleryDetailViewModel.swift; sourceTree = "<group>"; };
		DE5737E321F99C91006DE44A /* Constants.swift */ = {isa = PBXFileReference; lastKnownFileType = sourcecode.swift; path = Constants.swift; sourceTree = "<group>"; };
		DEA85C18232F2F82000BC1F7 /* WaterfallLayout.swift */ = {isa = PBXFileReference; fileEncoding = 4; lastKnownFileType = sourcecode.swift; path = WaterfallLayout.swift; sourceTree = "<group>"; };
		DED072A721E4B70E0073963C /* MealsAPIManager.swift */ = {isa = PBXFileReference; lastKnownFileType = sourcecode.swift; path = MealsAPIManager.swift; sourceTree = "<group>"; };
		DED072AE21E855C10073963C /* PhotoGalleryListViewModel.swift */ = {isa = PBXFileReference; lastKnownFileType = sourcecode.swift; path = PhotoGalleryListViewModel.swift; sourceTree = "<group>"; };
		DED072B121E85F640073963C /* PhotoGalleryListState.swift */ = {isa = PBXFileReference; lastKnownFileType = sourcecode.swift; path = PhotoGalleryListState.swift; sourceTree = "<group>"; };
		DED072B321E862D60073963C /* PhotoEntity.swift */ = {isa = PBXFileReference; lastKnownFileType = sourcecode.swift; path = PhotoEntity.swift; sourceTree = "<group>"; };
		DED117C621E2ED5300ABD919 /* MasonryStyleLayout.app */ = {isa = PBXFileReference; explicitFileType = wrapper.application; includeInIndex = 0; path = MasonryStyleLayout.app; sourceTree = BUILT_PRODUCTS_DIR; };
		DED117C921E2ED5300ABD919 /* AppDelegate.swift */ = {isa = PBXFileReference; lastKnownFileType = sourcecode.swift; path = AppDelegate.swift; sourceTree = "<group>"; };
		DED117CB21E2ED5300ABD919 /* MainContentsViewController.swift */ = {isa = PBXFileReference; lastKnownFileType = sourcecode.swift; path = MainContentsViewController.swift; sourceTree = "<group>"; };
		DED117CE21E2ED5300ABD919 /* Base */ = {isa = PBXFileReference; lastKnownFileType = file.storyboard; name = Base; path = Base.lproj/Main.storyboard; sourceTree = "<group>"; };
		DED117D021E2ED5900ABD919 /* Assets.xcassets */ = {isa = PBXFileReference; lastKnownFileType = folder.assetcatalog; path = Assets.xcassets; sourceTree = "<group>"; };
		DED117D321E2ED5900ABD919 /* Base */ = {isa = PBXFileReference; lastKnownFileType = file.storyboard; name = Base; path = Base.lproj/LaunchScreen.storyboard; sourceTree = "<group>"; };
		DED117D521E2ED5900ABD919 /* Info.plist */ = {isa = PBXFileReference; lastKnownFileType = text.plist.xml; path = Info.plist; sourceTree = "<group>"; };
		DED117DA21E2ED5900ABD919 /* MasonryStyleLayoutTests.xctest */ = {isa = PBXFileReference; explicitFileType = wrapper.cfbundle; includeInIndex = 0; path = MasonryStyleLayoutTests.xctest; sourceTree = BUILT_PRODUCTS_DIR; };
		DED117DE21E2ED5900ABD919 /* MasonryStyleLayoutTests.swift */ = {isa = PBXFileReference; lastKnownFileType = sourcecode.swift; path = MasonryStyleLayoutTests.swift; sourceTree = "<group>"; };
		DED117E021E2ED5900ABD919 /* Info.plist */ = {isa = PBXFileReference; lastKnownFileType = text.plist.xml; path = Info.plist; sourceTree = "<group>"; };
		DED117E521E2ED5900ABD919 /* MasonryStyleLayoutUITests.xctest */ = {isa = PBXFileReference; explicitFileType = wrapper.cfbundle; includeInIndex = 0; path = MasonryStyleLayoutUITests.xctest; sourceTree = BUILT_PRODUCTS_DIR; };
		DED117E921E2ED5900ABD919 /* MasonryStyleLayoutUITests.swift */ = {isa = PBXFileReference; lastKnownFileType = sourcecode.swift; path = MasonryStyleLayoutUITests.swift; sourceTree = "<group>"; };
		DED117EB21E2ED5900ABD919 /* Info.plist */ = {isa = PBXFileReference; lastKnownFileType = text.plist.xml; path = Info.plist; sourceTree = "<group>"; };
		DED117FC21E34E7300ABD919 /* NSObjectProtocolExtension.swift */ = {isa = PBXFileReference; lastKnownFileType = sourcecode.swift; path = NSObjectProtocolExtension.swift; sourceTree = "<group>"; };
		DED117FE21E352EC00ABD919 /* UICollectionViewExtension.swift */ = {isa = PBXFileReference; lastKnownFileType = sourcecode.swift; path = UICollectionViewExtension.swift; sourceTree = "<group>"; };
		DED1180121E3551C00ABD919 /* PhotoGalleryCollectionViewCell.swift */ = {isa = PBXFileReference; lastKnownFileType = sourcecode.swift; path = PhotoGalleryCollectionViewCell.swift; sourceTree = "<group>"; };
		DED1180221E3551C00ABD919 /* PhotoGalleryCollectionViewCell.xib */ = {isa = PBXFileReference; lastKnownFileType = file.xib; path = PhotoGalleryCollectionViewCell.xib; sourceTree = "<group>"; };
		DEFFA02A21EDC2F3006C1C1B /* UIColorExtension.swift */ = {isa = PBXFileReference; lastKnownFileType = sourcecode.swift; path = UIColorExtension.swift; sourceTree = "<group>"; };
		DEFFA02D21EEE2A6006C1C1B /* PhotoGalleryCollectionHeaderView.swift */ = {isa = PBXFileReference; lastKnownFileType = sourcecode.swift; path = PhotoGalleryCollectionHeaderView.swift; sourceTree = "<group>"; };
		DEFFA02E21EEE2A6006C1C1B /* PhotoGalleryCollectionHeaderView.xib */ = {isa = PBXFileReference; lastKnownFileType = file.xib; path = PhotoGalleryCollectionHeaderView.xib; sourceTree = "<group>"; };
		DEFFA03421F04FA0006C1C1B /* CustomViewBase.swift */ = {isa = PBXFileReference; lastKnownFileType = sourcecode.swift; path = CustomViewBase.swift; sourceTree = "<group>"; };
		DEFFA03621F05066006C1C1B /* PhotoGalleryHandleButtonView.swift */ = {isa = PBXFileReference; lastKnownFileType = sourcecode.swift; path = PhotoGalleryHandleButtonView.swift; sourceTree = "<group>"; };
		DEFFA03821F05082006C1C1B /* PhotoGalleryHandleButtonView.xib */ = {isa = PBXFileReference; lastKnownFileType = file.xib; path = PhotoGalleryHandleButtonView.xib; sourceTree = "<group>"; };
/* End PBXFileReference section */

/* Begin PBXFrameworksBuildPhase section */
		DED117C321E2ED5200ABD919 /* Frameworks */ = {
			isa = PBXFrameworksBuildPhase;
			buildActionMask = 2147483647;
			files = (
				FCEBE954614D8AAB609896C6 /* Pods_MasonryStyleLayout.framework in Frameworks */,
			);
			runOnlyForDeploymentPostprocessing = 0;
		};
		DED117D721E2ED5900ABD919 /* Frameworks */ = {
			isa = PBXFrameworksBuildPhase;
			buildActionMask = 2147483647;
			files = (
				6962692B8CE9CF4740829139 /* Pods_MasonryStyleLayoutTests.framework in Frameworks */,
			);
			runOnlyForDeploymentPostprocessing = 0;
		};
		DED117E221E2ED5900ABD919 /* Frameworks */ = {
			isa = PBXFrameworksBuildPhase;
			buildActionMask = 2147483647;
			files = (
			);
			runOnlyForDeploymentPostprocessing = 0;
		};
/* End PBXFrameworksBuildPhase section */

/* Begin PBXGroup section */
		0C67434C2942FA2DAF3F0F5A /* Pods */ = {
			isa = PBXGroup;
			children = (
				B971CF1B5CD79F18299B1A47 /* Pods-MasonryStyleLayout.debug.xcconfig */,
				1D49ABA57B92FC5AA1B2AE5D /* Pods-MasonryStyleLayout.release.xcconfig */,
				CEA5238B3B8CCEAA9E6C8ED6 /* Pods-MasonryStyleLayoutTests.debug.xcconfig */,
				7D1B8B6AE08192F41080C15E /* Pods-MasonryStyleLayoutTests.release.xcconfig */,
			);
			name = Pods;
			sourceTree = "<group>";
		};
		7F410C0DB9CE2BBBCBAF62A1 /* Frameworks */ = {
			isa = PBXGroup;
			children = (
				083FF03CBA96B988758FAEA2 /* Pods_MasonryStyleLayout.framework */,
				51A4C14690FA320780EEB20B /* Pods_MasonryStyleLayoutTests.framework */,
			);
			name = Frameworks;
			sourceTree = "<group>";
		};
		DE1A0D8F21F0C951004EBAF9 /* Enum */ = {
			isa = PBXGroup;
			children = (
				DE1A0D9021F0D88D004EBAF9 /* CategoryNumberType.swift */,
				DE2823B721FABE1200D1CBE3 /* TabBarItemsType.swift */,
			);
			path = Enum;
			sourceTree = "<group>";
		};
		DE5737A821F5AFA9006DE44A /* Mock */ = {
			isa = PBXGroup;
			children = (
				DE5737B421F5B0E2006DE44A /* MockPhotoGalleryListState.swift */,
				DE5737B621F5B15B006DE44A /* MockMealsAPIManager.swift */,
			);
			path = Mock;
			sourceTree = "<group>";
		};
		DE5737B821F5B965006DE44A /* Stub */ = {
			isa = PBXGroup;
			children = (
				DE5737AE21F5B08B006DE44A /* detail.json */,
				DE5737AB21F5B08B006DE44A /* page1.json */,
				DE5737AD21F5B08B006DE44A /* page2.json */,
				DE5737AA21F5B08B006DE44A /* page3.json */,
				DE5737AC21F5B08B006DE44A /* page4.json */,
				DE5737DF21F968BB006DE44A /* recommend.json */,
			);
			path = Stub;
			sourceTree = "<group>";
		};
		DE5737B921F5B98D006DE44A /* Testing */ = {
			isa = PBXGroup;
			children = (
				DE5737B821F5B965006DE44A /* Stub */,
				DE5737A821F5AFA9006DE44A /* Mock */,
			);
			path = Testing;
			sourceTree = "<group>";
		};
		DE5737BE21F76C35006DE44A /* PhotoGalleryDetailInformationView */ = {
			isa = PBXGroup;
			children = (
				DE5737BF21F76D56006DE44A /* PhotoGalleryDetailInformationView.swift */,
				DE5737C121F76D66006DE44A /* PhotoGalleryDetailInformationView.xib */,
			);
			path = PhotoGalleryDetailInformationView;
			sourceTree = "<group>";
		};
		DE5737C321F779E0006DE44A /* PhotoGalleryDetailRatingView */ = {
			isa = PBXGroup;
			children = (
				DE5737C721F81A6E006DE44A /* PhotoGalleryDetailRatingView.swift */,
				DE5737C921F81A7A006DE44A /* PhotoGalleryDetailRatingView.xib */,
			);
			path = PhotoGalleryDetailRatingView;
			sourceTree = "<group>";
		};
		DE5737C421F77AC4006DE44A /* PhotoGalleryDetailPickButtonView */ = {
			isa = PBXGroup;
			children = (
				DE5737CB21F82FA9006DE44A /* PhotoGalleryDetailPickButtonView.swift */,
				DE5737CE21F82FBD006DE44A /* PhotoGalleryDetailPickButtonView.xib */,
			);
			path = PhotoGalleryDetailPickButtonView;
			sourceTree = "<group>";
		};
		DE5737D021F86E94006DE44A /* PhotoGalleryRelatedTitleView */ = {
			isa = PBXGroup;
			children = (
				DE5737D421F86EF4006DE44A /* PhotoGalleryRelatedTitleView.swift */,
				DE5737D221F86EE6006DE44A /* PhotoGalleryRelatedTitleView.xib */,
			);
			path = PhotoGalleryRelatedTitleView;
			sourceTree = "<group>";
		};
		DE5737D121F86EB2006DE44A /* PhotoGalleryRelatedErrorView */ = {
			isa = PBXGroup;
			children = (
				DE5737D821F87062006DE44A /* PhotoGalleryRelatedErrorView.swift */,
				DE5737D621F87047006DE44A /* PhotoGalleryRelatedErrorView.xib */,
			);
			path = PhotoGalleryRelatedErrorView;
			sourceTree = "<group>";
		};
		DE5737DA21F8C10A006DE44A /* Module */ = {
			isa = PBXGroup;
			children = (
				DE5737DB21F8C1B8006DE44A /* DesignFormatter.swift */,
				DE5737E321F99C91006DE44A /* Constants.swift */,
			);
			path = Module;
			sourceTree = "<group>";
		};
		DED072A621E4AFF90073963C /* APIManager */ = {
			isa = PBXGroup;
			children = (
				DED072A721E4B70E0073963C /* MealsAPIManager.swift */,
			);
			path = APIManager;
			sourceTree = "<group>";
		};
		DED072AC21E74D0D0073963C /* PhotoGalleryViewModel */ = {
			isa = PBXGroup;
			children = (
				DED072AE21E855C10073963C /* PhotoGalleryListViewModel.swift */,
				DE5737E121F9696E006DE44A /* PhotoGalleryDetailViewModel.swift */,
			);
			path = PhotoGalleryViewModel;
			sourceTree = "<group>";
		};
		DED072AD21E74D1E0073963C /* PhotoGalleryModel */ = {
			isa = PBXGroup;
			children = (
				DED072B321E862D60073963C /* PhotoEntity.swift */,
			);
			path = PhotoGalleryModel;
			sourceTree = "<group>";
		};
		DED072B021E859850073963C /* State */ = {
			isa = PBXGroup;
			children = (
				DED072B121E85F640073963C /* PhotoGalleryListState.swift */,
				DE5737DD21F9626C006DE44A /* PhotoGalleryDetailState.swift */,
			);
			path = State;
			sourceTree = "<group>";
		};
		DED117BD21E2ED5200ABD919 = {
			isa = PBXGroup;
			children = (
				DED117C821E2ED5300ABD919 /* MasonryStyleLayout */,
				DED117DD21E2ED5900ABD919 /* MasonryStyleLayoutTests */,
				DED117E821E2ED5900ABD919 /* MasonryStyleLayoutUITests */,
				DED117C721E2ED5300ABD919 /* Products */,
				0C67434C2942FA2DAF3F0F5A /* Pods */,
				7F410C0DB9CE2BBBCBAF62A1 /* Frameworks */,
			);
			sourceTree = "<group>";
		};
		DED117C721E2ED5300ABD919 /* Products */ = {
			isa = PBXGroup;
			children = (
				DED117C621E2ED5300ABD919 /* MasonryStyleLayout.app */,
				DED117DA21E2ED5900ABD919 /* MasonryStyleLayoutTests.xctest */,
				DED117E521E2ED5900ABD919 /* MasonryStyleLayoutUITests.xctest */,
			);
			name = Products;
			sourceTree = "<group>";
		};
		DED117C821E2ED5300ABD919 /* MasonryStyleLayout */ = {
			isa = PBXGroup;
			children = (
				DE2823C221FADBE200D1CBE3 /* setting.md */,
				DED117D521E2ED5900ABD919 /* Info.plist */,
				DED117C921E2ED5300ABD919 /* AppDelegate.swift */,
				DED117D021E2ED5900ABD919 /* Assets.xcassets */,
				DED072A621E4AFF90073963C /* APIManager */,
				DE1A0D8F21F0C951004EBAF9 /* Enum */,
				DED117FA21E34DE900ABD919 /* Extension */,
				DE5737DA21F8C10A006DE44A /* Module */,
				DED072AD21E74D1E0073963C /* PhotoGalleryModel */,
				DED072AC21E74D0D0073963C /* PhotoGalleryViewModel */,
				DED072B021E859850073963C /* State */,
				DED117F721E2F05700ABD919 /* Storyboard */,
				DED117F921E2F07200ABD919 /* View */,
				DED117F821E2F06500ABD919 /* ViewController */,
			);
			path = MasonryStyleLayout;
			sourceTree = "<group>";
		};
		DED117DD21E2ED5900ABD919 /* MasonryStyleLayoutTests */ = {
			isa = PBXGroup;
			children = (
				DED117E021E2ED5900ABD919 /* Info.plist */,
				DED117DE21E2ED5900ABD919 /* MasonryStyleLayoutTests.swift */,
				DE5737B921F5B98D006DE44A /* Testing */,
			);
			path = MasonryStyleLayoutTests;
			sourceTree = "<group>";
		};
		DED117E821E2ED5900ABD919 /* MasonryStyleLayoutUITests */ = {
			isa = PBXGroup;
			children = (
				DED117E921E2ED5900ABD919 /* MasonryStyleLayoutUITests.swift */,
				DED117EB21E2ED5900ABD919 /* Info.plist */,
			);
			path = MasonryStyleLayoutUITests;
			sourceTree = "<group>";
		};
		DED117F721E2F05700ABD919 /* Storyboard */ = {
			isa = PBXGroup;
			children = (
				DED117D221E2ED5900ABD919 /* LaunchScreen.storyboard */,
				DED117CD21E2ED5300ABD919 /* Main.storyboard */,
				DE2823B421FABA9A00D1CBE3 /* Detail.storyboard */,
				DE2823B121FABA6600D1CBE3 /* GlobalTabBar.storyboard */,
				DE2823BB21FABFCA00D1CBE3 /* Setting.storyboard */,
			);
			path = Storyboard;
			sourceTree = "<group>";
		};
		DED117F821E2F06500ABD919 /* ViewController */ = {
			isa = PBXGroup;
			children = (
				DED117CB21E2ED5300ABD919 /* MainContentsViewController.swift */,
				DE5737BA21F73405006DE44A /* DetailContentsViewController.swift */,
				DE5737C521F81535006DE44A /* DetailPhotoPageViewController.swift */,
				DE2823BE21FAC23B00D1CBE3 /* GlobaTabBarController.swift */,
				DE2823C021FAC26800D1CBE3 /* SettingViewController.swift */,
			);
			path = ViewController;
			sourceTree = "<group>";
		};
		DED117F921E2F07200ABD919 /* View */ = {
			isa = PBXGroup;
			children = (
				DEA85C18232F2F82000BC1F7 /* WaterfallLayout.swift */,
				DEFFA03421F04FA0006C1C1B /* CustomViewBase.swift */,
				DEFFA02C21EEE25F006C1C1B /* PhotoGalleryCollectionHeaderView */,
				DED1180021E353A400ABD919 /* PhotoGalleryCollectionViewCell */,
				DE5737BE21F76C35006DE44A /* PhotoGalleryDetailInformationView */,
				DE5737C421F77AC4006DE44A /* PhotoGalleryDetailPickButtonView */,
				DE5737C321F779E0006DE44A /* PhotoGalleryDetailRatingView */,
				DEFFA03321F04E72006C1C1B /* PhotoGalleryHandleButtonView */,
				DE5737D121F86EB2006DE44A /* PhotoGalleryRelatedErrorView */,
				DE5737D021F86E94006DE44A /* PhotoGalleryRelatedTitleView */,
			);
			path = View;
			sourceTree = "<group>";
		};
		DED117FA21E34DE900ABD919 /* Extension */ = {
			isa = PBXGroup;
			children = (
				DED117FC21E34E7300ABD919 /* NSObjectProtocolExtension.swift */,
				DED117FE21E352EC00ABD919 /* UICollectionViewExtension.swift */,
				DEFFA02A21EDC2F3006C1C1B /* UIColorExtension.swift */,
				DE57379721F1E9E6006DE44A /* UIViewControllerExtension.swift */,
			);
			path = Extension;
			sourceTree = "<group>";
		};
		DED1180021E353A400ABD919 /* PhotoGalleryCollectionViewCell */ = {
			isa = PBXGroup;
			children = (
				DED1180121E3551C00ABD919 /* PhotoGalleryCollectionViewCell.swift */,
				DED1180221E3551C00ABD919 /* PhotoGalleryCollectionViewCell.xib */,
			);
			path = PhotoGalleryCollectionViewCell;
			sourceTree = "<group>";
		};
		DEFFA02C21EEE25F006C1C1B /* PhotoGalleryCollectionHeaderView */ = {
			isa = PBXGroup;
			children = (
				DEFFA02D21EEE2A6006C1C1B /* PhotoGalleryCollectionHeaderView.swift */,
				DEFFA02E21EEE2A6006C1C1B /* PhotoGalleryCollectionHeaderView.xib */,
			);
			path = PhotoGalleryCollectionHeaderView;
			sourceTree = "<group>";
		};
		DEFFA03321F04E72006C1C1B /* PhotoGalleryHandleButtonView */ = {
			isa = PBXGroup;
			children = (
				DEFFA03621F05066006C1C1B /* PhotoGalleryHandleButtonView.swift */,
				DEFFA03821F05082006C1C1B /* PhotoGalleryHandleButtonView.xib */,
			);
			path = PhotoGalleryHandleButtonView;
			sourceTree = "<group>";
		};
/* End PBXGroup section */

/* Begin PBXNativeTarget section */
		DED117C521E2ED5200ABD919 /* MasonryStyleLayout */ = {
			isa = PBXNativeTarget;
			buildConfigurationList = DED117EE21E2ED5900ABD919 /* Build configuration list for PBXNativeTarget "MasonryStyleLayout" */;
			buildPhases = (
				6B370375C5D5D069D2392424 /* [CP] Check Pods Manifest.lock */,
				DED117C221E2ED5200ABD919 /* Sources */,
				DED117C321E2ED5200ABD919 /* Frameworks */,
				DED117C421E2ED5200ABD919 /* Resources */,
				09F932DA6EC90B2DD75DC7A0 /* [CP] Embed Pods Frameworks */,
			);
			buildRules = (
			);
			dependencies = (
			);
			name = MasonryStyleLayout;
			productName = MasonryStyleLayout;
			productReference = DED117C621E2ED5300ABD919 /* MasonryStyleLayout.app */;
			productType = "com.apple.product-type.application";
		};
		DED117D921E2ED5900ABD919 /* MasonryStyleLayoutTests */ = {
			isa = PBXNativeTarget;
			buildConfigurationList = DED117F121E2ED5900ABD919 /* Build configuration list for PBXNativeTarget "MasonryStyleLayoutTests" */;
			buildPhases = (
				7908C8A04FDCBACCB4E97B33 /* [CP] Check Pods Manifest.lock */,
				DED117D621E2ED5900ABD919 /* Sources */,
				DED117D721E2ED5900ABD919 /* Frameworks */,
				DED117D821E2ED5900ABD919 /* Resources */,
				14BB993BDDEEF403E4798765 /* [CP] Embed Pods Frameworks */,
			);
			buildRules = (
			);
			dependencies = (
				DED117DC21E2ED5900ABD919 /* PBXTargetDependency */,
			);
			name = MasonryStyleLayoutTests;
			productName = MasonryStyleLayoutTests;
			productReference = DED117DA21E2ED5900ABD919 /* MasonryStyleLayoutTests.xctest */;
			productType = "com.apple.product-type.bundle.unit-test";
		};
		DED117E421E2ED5900ABD919 /* MasonryStyleLayoutUITests */ = {
			isa = PBXNativeTarget;
			buildConfigurationList = DED117F421E2ED5900ABD919 /* Build configuration list for PBXNativeTarget "MasonryStyleLayoutUITests" */;
			buildPhases = (
				DED117E121E2ED5900ABD919 /* Sources */,
				DED117E221E2ED5900ABD919 /* Frameworks */,
				DED117E321E2ED5900ABD919 /* Resources */,
			);
			buildRules = (
			);
			dependencies = (
				DED117E721E2ED5900ABD919 /* PBXTargetDependency */,
			);
			name = MasonryStyleLayoutUITests;
			productName = MasonryStyleLayoutUITests;
			productReference = DED117E521E2ED5900ABD919 /* MasonryStyleLayoutUITests.xctest */;
			productType = "com.apple.product-type.bundle.ui-testing";
		};
/* End PBXNativeTarget section */

/* Begin PBXProject section */
		DED117BE21E2ED5200ABD919 /* Project object */ = {
			isa = PBXProject;
			attributes = {
				LastSwiftUpdateCheck = 1010;
				LastUpgradeCheck = 1220;
				ORGANIZATIONNAME = "酒井文也";
				TargetAttributes = {
					DED117C521E2ED5200ABD919 = {
						CreatedOnToolsVersion = 10.1;
						LastSwiftMigration = 1030;
					};
					DED117D921E2ED5900ABD919 = {
						CreatedOnToolsVersion = 10.1;
						LastSwiftMigration = 1030;
						TestTargetID = DED117C521E2ED5200ABD919;
					};
					DED117E421E2ED5900ABD919 = {
						CreatedOnToolsVersion = 10.1;
						LastSwiftMigration = 1030;
						TestTargetID = DED117C521E2ED5200ABD919;
					};
				};
			};
			buildConfigurationList = DED117C121E2ED5200ABD919 /* Build configuration list for PBXProject "MasonryStyleLayout" */;
			compatibilityVersion = "Xcode 9.3";
			developmentRegion = en;
			hasScannedForEncodings = 0;
			knownRegions = (
				en,
				Base,
			);
			mainGroup = DED117BD21E2ED5200ABD919;
			productRefGroup = DED117C721E2ED5300ABD919 /* Products */;
			projectDirPath = "";
			projectRoot = "";
			targets = (
				DED117C521E2ED5200ABD919 /* MasonryStyleLayout */,
				DED117D921E2ED5900ABD919 /* MasonryStyleLayoutTests */,
				DED117E421E2ED5900ABD919 /* MasonryStyleLayoutUITests */,
			);
		};
/* End PBXProject section */

/* Begin PBXResourcesBuildPhase section */
		DED117C421E2ED5200ABD919 /* Resources */ = {
			isa = PBXResourcesBuildPhase;
			buildActionMask = 2147483647;
			files = (
				DE2823B321FABA6600D1CBE3 /* GlobalTabBar.storyboard in Resources */,
				DEFFA03921F05082006C1C1B /* PhotoGalleryHandleButtonView.xib in Resources */,
				DE5737D321F86EE6006DE44A /* PhotoGalleryRelatedTitleView.xib in Resources */,
				DED1180421E3551D00ABD919 /* PhotoGalleryCollectionViewCell.xib in Resources */,
				DE5737CF21F82FBD006DE44A /* PhotoGalleryDetailPickButtonView.xib in Resources */,
				DED117D421E2ED5900ABD919 /* LaunchScreen.storyboard in Resources */,
				DE5737C221F76D66006DE44A /* PhotoGalleryDetailInformationView.xib in Resources */,
				DE5737D721F87047006DE44A /* PhotoGalleryRelatedErrorView.xib in Resources */,
				DEFFA03021EEE2A6006C1C1B /* PhotoGalleryCollectionHeaderView.xib in Resources */,
				DE2823BD21FABFCA00D1CBE3 /* Setting.storyboard in Resources */,
				DE5737CA21F81A7A006DE44A /* PhotoGalleryDetailRatingView.xib in Resources */,
				DE2823B621FABA9A00D1CBE3 /* Detail.storyboard in Resources */,
				DED117D121E2ED5900ABD919 /* Assets.xcassets in Resources */,
				DE2823C321FADBE300D1CBE3 /* setting.md in Resources */,
				DED117CF21E2ED5300ABD919 /* Main.storyboard in Resources */,
			);
			runOnlyForDeploymentPostprocessing = 0;
		};
		DED117D821E2ED5900ABD919 /* Resources */ = {
			isa = PBXResourcesBuildPhase;
			buildActionMask = 2147483647;
			files = (
				DE5737E021F968BC006DE44A /* recommend.json in Resources */,
				DE5737B021F5B08B006DE44A /* page1.json in Resources */,
				DE5737B221F5B08B006DE44A /* page2.json in Resources */,
				DE5737AF21F5B08B006DE44A /* page3.json in Resources */,
				DE5737B321F5B08B006DE44A /* detail.json in Resources */,
				DE5737B121F5B08B006DE44A /* page4.json in Resources */,
			);
			runOnlyForDeploymentPostprocessing = 0;
		};
		DED117E321E2ED5900ABD919 /* Resources */ = {
			isa = PBXResourcesBuildPhase;
			buildActionMask = 2147483647;
			files = (
			);
			runOnlyForDeploymentPostprocessing = 0;
		};
/* End PBXResourcesBuildPhase section */

/* Begin PBXShellScriptBuildPhase section */
		09F932DA6EC90B2DD75DC7A0 /* [CP] Embed Pods Frameworks */ = {
			isa = PBXShellScriptBuildPhase;
			buildActionMask = 2147483647;
			files = (
			);
			inputFileListPaths = (
				"${PODS_ROOT}/Target Support Files/Pods-MasonryStyleLayout/Pods-MasonryStyleLayout-frameworks-${CONFIGURATION}-input-files.xcfilelist",
			);
			name = "[CP] Embed Pods Frameworks";
			outputFileListPaths = (
				"${PODS_ROOT}/Target Support Files/Pods-MasonryStyleLayout/Pods-MasonryStyleLayout-frameworks-${CONFIGURATION}-output-files.xcfilelist",
			);
			runOnlyForDeploymentPostprocessing = 0;
			shellPath = /bin/sh;
			shellScript = "\"${PODS_ROOT}/Target Support Files/Pods-MasonryStyleLayout/Pods-MasonryStyleLayout-frameworks.sh\"\n";
			showEnvVarsInLog = 0;
		};
		14BB993BDDEEF403E4798765 /* [CP] Embed Pods Frameworks */ = {
			isa = PBXShellScriptBuildPhase;
			buildActionMask = 2147483647;
			files = (
			);
			inputFileListPaths = (
				"${PODS_ROOT}/Target Support Files/Pods-MasonryStyleLayoutTests/Pods-MasonryStyleLayoutTests-frameworks-${CONFIGURATION}-input-files.xcfilelist",
			);
			name = "[CP] Embed Pods Frameworks";
			outputFileListPaths = (
				"${PODS_ROOT}/Target Support Files/Pods-MasonryStyleLayoutTests/Pods-MasonryStyleLayoutTests-frameworks-${CONFIGURATION}-output-files.xcfilelist",
			);
			runOnlyForDeploymentPostprocessing = 0;
			shellPath = /bin/sh;
			shellScript = "\"${PODS_ROOT}/Target Support Files/Pods-MasonryStyleLayoutTests/Pods-MasonryStyleLayoutTests-frameworks.sh\"\n";
			showEnvVarsInLog = 0;
		};
		6B370375C5D5D069D2392424 /* [CP] Check Pods Manifest.lock */ = {
			isa = PBXShellScriptBuildPhase;
			buildActionMask = 2147483647;
			files = (
			);
			inputFileListPaths = (
			);
			inputPaths = (
				"${PODS_PODFILE_DIR_PATH}/Podfile.lock",
				"${PODS_ROOT}/Manifest.lock",
			);
			name = "[CP] Check Pods Manifest.lock";
			outputFileListPaths = (
			);
			outputPaths = (
				"$(DERIVED_FILE_DIR)/Pods-MasonryStyleLayout-checkManifestLockResult.txt",
			);
			runOnlyForDeploymentPostprocessing = 0;
			shellPath = /bin/sh;
			shellScript = "diff \"${PODS_PODFILE_DIR_PATH}/Podfile.lock\" \"${PODS_ROOT}/Manifest.lock\" > /dev/null\nif [ $? != 0 ] ; then\n    # print error to STDERR\n    echo \"error: The sandbox is not in sync with the Podfile.lock. Run 'pod install' or update your CocoaPods installation.\" >&2\n    exit 1\nfi\n# This output is used by Xcode 'outputs' to avoid re-running this script phase.\necho \"SUCCESS\" > \"${SCRIPT_OUTPUT_FILE_0}\"\n";
			showEnvVarsInLog = 0;
		};
		7908C8A04FDCBACCB4E97B33 /* [CP] Check Pods Manifest.lock */ = {
			isa = PBXShellScriptBuildPhase;
			buildActionMask = 2147483647;
			files = (
			);
			inputFileListPaths = (
			);
			inputPaths = (
				"${PODS_PODFILE_DIR_PATH}/Podfile.lock",
				"${PODS_ROOT}/Manifest.lock",
			);
			name = "[CP] Check Pods Manifest.lock";
			outputFileListPaths = (
			);
			outputPaths = (
				"$(DERIVED_FILE_DIR)/Pods-MasonryStyleLayoutTests-checkManifestLockResult.txt",
			);
			runOnlyForDeploymentPostprocessing = 0;
			shellPath = /bin/sh;
			shellScript = "diff \"${PODS_PODFILE_DIR_PATH}/Podfile.lock\" \"${PODS_ROOT}/Manifest.lock\" > /dev/null\nif [ $? != 0 ] ; then\n    # print error to STDERR\n    echo \"error: The sandbox is not in sync with the Podfile.lock. Run 'pod install' or update your CocoaPods installation.\" >&2\n    exit 1\nfi\n# This output is used by Xcode 'outputs' to avoid re-running this script phase.\necho \"SUCCESS\" > \"${SCRIPT_OUTPUT_FILE_0}\"\n";
			showEnvVarsInLog = 0;
		};
/* End PBXShellScriptBuildPhase section */

/* Begin PBXSourcesBuildPhase section */
		DED117C221E2ED5200ABD919 /* Sources */ = {
			isa = PBXSourcesBuildPhase;
			buildActionMask = 2147483647;
			files = (
				DED072B221E85F640073963C /* PhotoGalleryListState.swift in Sources */,
				DED072A821E4B70E0073963C /* MealsAPIManager.swift in Sources */,
				DE5737C021F76D56006DE44A /* PhotoGalleryDetailInformationView.swift in Sources */,
				DED117FF21E352EC00ABD919 /* UICollectionViewExtension.swift in Sources */,
				DE2823C121FAC26800D1CBE3 /* SettingViewController.swift in Sources */,
				DE5737DE21F9626C006DE44A /* PhotoGalleryDetailState.swift in Sources */,
				DE57379821F1E9E6006DE44A /* UIViewControllerExtension.swift in Sources */,
				DED117FD21E34E7300ABD919 /* NSObjectProtocolExtension.swift in Sources */,
				DE1A0D9121F0D88D004EBAF9 /* CategoryNumberType.swift in Sources */,
				DED072AF21E855C10073963C /* PhotoGalleryListViewModel.swift in Sources */,
				DEFFA03521F04FA0006C1C1B /* CustomViewBase.swift in Sources */,
				DED072B421E862D60073963C /* PhotoEntity.swift in Sources */,
				DED1180321E3551D00ABD919 /* PhotoGalleryCollectionViewCell.swift in Sources */,
				DEFFA02B21EDC2F3006C1C1B /* UIColorExtension.swift in Sources */,
				DE5737D921F87062006DE44A /* PhotoGalleryRelatedErrorView.swift in Sources */,
				DE5737E221F9696E006DE44A /* PhotoGalleryDetailViewModel.swift in Sources */,
				DE5737DC21F8C1B9006DE44A /* DesignFormatter.swift in Sources */,
				DE2823BF21FAC23B00D1CBE3 /* GlobaTabBarController.swift in Sources */,
				DE5737D521F86EF4006DE44A /* PhotoGalleryRelatedTitleView.swift in Sources */,
				DEFFA03721F05066006C1C1B /* PhotoGalleryHandleButtonView.swift in Sources */,
				DED117CC21E2ED5300ABD919 /* MainContentsViewController.swift in Sources */,
				DE2823B821FABE1200D1CBE3 /* TabBarItemsType.swift in Sources */,
				DE5737BB21F73405006DE44A /* DetailContentsViewController.swift in Sources */,
				DED117CA21E2ED5300ABD919 /* AppDelegate.swift in Sources */,
				DEFFA02F21EEE2A6006C1C1B /* PhotoGalleryCollectionHeaderView.swift in Sources */,
				DE5737CC21F82FA9006DE44A /* PhotoGalleryDetailPickButtonView.swift in Sources */,
				DE5737C821F81A6E006DE44A /* PhotoGalleryDetailRatingView.swift in Sources */,
				DE5737C621F81535006DE44A /* DetailPhotoPageViewController.swift in Sources */,
				DEA85C19232F2F82000BC1F7 /* WaterfallLayout.swift in Sources */,
				DE5737E421F99C91006DE44A /* Constants.swift in Sources */,
			);
			runOnlyForDeploymentPostprocessing = 0;
		};
		DED117D621E2ED5900ABD919 /* Sources */ = {
			isa = PBXSourcesBuildPhase;
			buildActionMask = 2147483647;
			files = (
				DED117DF21E2ED5900ABD919 /* MasonryStyleLayoutTests.swift in Sources */,
				DE5737B521F5B0E2006DE44A /* MockPhotoGalleryListState.swift in Sources */,
				DE5737B721F5B15B006DE44A /* MockMealsAPIManager.swift in Sources */,
			);
			runOnlyForDeploymentPostprocessing = 0;
		};
		DED117E121E2ED5900ABD919 /* Sources */ = {
			isa = PBXSourcesBuildPhase;
			buildActionMask = 2147483647;
			files = (
				DED117EA21E2ED5900ABD919 /* MasonryStyleLayoutUITests.swift in Sources */,
			);
			runOnlyForDeploymentPostprocessing = 0;
		};
/* End PBXSourcesBuildPhase section */

/* Begin PBXTargetDependency section */
		DED117DC21E2ED5900ABD919 /* PBXTargetDependency */ = {
			isa = PBXTargetDependency;
			target = DED117C521E2ED5200ABD919 /* MasonryStyleLayout */;
			targetProxy = DED117DB21E2ED5900ABD919 /* PBXContainerItemProxy */;
		};
		DED117E721E2ED5900ABD919 /* PBXTargetDependency */ = {
			isa = PBXTargetDependency;
			target = DED117C521E2ED5200ABD919 /* MasonryStyleLayout */;
			targetProxy = DED117E621E2ED5900ABD919 /* PBXContainerItemProxy */;
		};
/* End PBXTargetDependency section */

/* Begin PBXVariantGroup section */
		DE2823B121FABA6600D1CBE3 /* GlobalTabBar.storyboard */ = {
			isa = PBXVariantGroup;
			children = (
				DE2823B221FABA6600D1CBE3 /* Base */,
			);
			name = GlobalTabBar.storyboard;
			sourceTree = "<group>";
		};
		DE2823B421FABA9A00D1CBE3 /* Detail.storyboard */ = {
			isa = PBXVariantGroup;
			children = (
				DE2823B521FABA9A00D1CBE3 /* Base */,
			);
			name = Detail.storyboard;
			sourceTree = "<group>";
		};
		DE2823BB21FABFCA00D1CBE3 /* Setting.storyboard */ = {
			isa = PBXVariantGroup;
			children = (
				DE2823BC21FABFCA00D1CBE3 /* Base */,
			);
			name = Setting.storyboard;
			sourceTree = "<group>";
		};
		DED117CD21E2ED5300ABD919 /* Main.storyboard */ = {
			isa = PBXVariantGroup;
			children = (
				DED117CE21E2ED5300ABD919 /* Base */,
			);
			name = Main.storyboard;
			sourceTree = "<group>";
		};
		DED117D221E2ED5900ABD919 /* LaunchScreen.storyboard */ = {
			isa = PBXVariantGroup;
			children = (
				DED117D321E2ED5900ABD919 /* Base */,
			);
			name = LaunchScreen.storyboard;
			sourceTree = "<group>";
		};
/* End PBXVariantGroup section */

/* Begin XCBuildConfiguration section */
		DED117EC21E2ED5900ABD919 /* Debug */ = {
			isa = XCBuildConfiguration;
			buildSettings = {
				ALWAYS_SEARCH_USER_PATHS = NO;
				CLANG_ANALYZER_NONNULL = YES;
				CLANG_ANALYZER_NUMBER_OBJECT_CONVERSION = YES_AGGRESSIVE;
				CLANG_CXX_LANGUAGE_STANDARD = "gnu++14";
				CLANG_CXX_LIBRARY = "libc++";
				CLANG_ENABLE_MODULES = YES;
				CLANG_ENABLE_OBJC_ARC = YES;
				CLANG_ENABLE_OBJC_WEAK = YES;
				CLANG_WARN_BLOCK_CAPTURE_AUTORELEASING = YES;
				CLANG_WARN_BOOL_CONVERSION = YES;
				CLANG_WARN_COMMA = YES;
				CLANG_WARN_CONSTANT_CONVERSION = YES;
				CLANG_WARN_DEPRECATED_OBJC_IMPLEMENTATIONS = YES;
				CLANG_WARN_DIRECT_OBJC_ISA_USAGE = YES_ERROR;
				CLANG_WARN_DOCUMENTATION_COMMENTS = YES;
				CLANG_WARN_EMPTY_BODY = YES;
				CLANG_WARN_ENUM_CONVERSION = YES;
				CLANG_WARN_INFINITE_RECURSION = YES;
				CLANG_WARN_INT_CONVERSION = YES;
				CLANG_WARN_NON_LITERAL_NULL_CONVERSION = YES;
				CLANG_WARN_OBJC_IMPLICIT_RETAIN_SELF = YES;
				CLANG_WARN_OBJC_LITERAL_CONVERSION = YES;
				CLANG_WARN_OBJC_ROOT_CLASS = YES_ERROR;
				CLANG_WARN_QUOTED_INCLUDE_IN_FRAMEWORK_HEADER = YES;
				CLANG_WARN_RANGE_LOOP_ANALYSIS = YES;
				CLANG_WARN_STRICT_PROTOTYPES = YES;
				CLANG_WARN_SUSPICIOUS_MOVE = YES;
				CLANG_WARN_UNGUARDED_AVAILABILITY = YES_AGGRESSIVE;
				CLANG_WARN_UNREACHABLE_CODE = YES;
				CLANG_WARN__DUPLICATE_METHOD_MATCH = YES;
				CODE_SIGN_IDENTITY = "iPhone Developer";
				COPY_PHASE_STRIP = NO;
				DEBUG_INFORMATION_FORMAT = dwarf;
				ENABLE_STRICT_OBJC_MSGSEND = YES;
				ENABLE_TESTABILITY = YES;
				GCC_C_LANGUAGE_STANDARD = gnu11;
				GCC_DYNAMIC_NO_PIC = NO;
				GCC_NO_COMMON_BLOCKS = YES;
				GCC_OPTIMIZATION_LEVEL = 0;
				GCC_PREPROCESSOR_DEFINITIONS = (
					"DEBUG=1",
					"$(inherited)",
				);
				GCC_WARN_64_TO_32_BIT_CONVERSION = YES;
				GCC_WARN_ABOUT_RETURN_TYPE = YES_ERROR;
				GCC_WARN_UNDECLARED_SELECTOR = YES;
				GCC_WARN_UNINITIALIZED_AUTOS = YES_AGGRESSIVE;
				GCC_WARN_UNUSED_FUNCTION = YES;
				GCC_WARN_UNUSED_VARIABLE = YES;
				IPHONEOS_DEPLOYMENT_TARGET = 14.0;
				MTL_ENABLE_DEBUG_INFO = INCLUDE_SOURCE;
				MTL_FAST_MATH = YES;
				ONLY_ACTIVE_ARCH = YES;
				SDKROOT = iphoneos;
				SWIFT_ACTIVE_COMPILATION_CONDITIONS = DEBUG;
				SWIFT_OPTIMIZATION_LEVEL = "-Onone";
				SWIFT_VERSION = 5.0;
			};
			name = Debug;
		};
		DED117ED21E2ED5900ABD919 /* Release */ = {
			isa = XCBuildConfiguration;
			buildSettings = {
				ALWAYS_SEARCH_USER_PATHS = NO;
				CLANG_ANALYZER_NONNULL = YES;
				CLANG_ANALYZER_NUMBER_OBJECT_CONVERSION = YES_AGGRESSIVE;
				CLANG_CXX_LANGUAGE_STANDARD = "gnu++14";
				CLANG_CXX_LIBRARY = "libc++";
				CLANG_ENABLE_MODULES = YES;
				CLANG_ENABLE_OBJC_ARC = YES;
				CLANG_ENABLE_OBJC_WEAK = YES;
				CLANG_WARN_BLOCK_CAPTURE_AUTORELEASING = YES;
				CLANG_WARN_BOOL_CONVERSION = YES;
				CLANG_WARN_COMMA = YES;
				CLANG_WARN_CONSTANT_CONVERSION = YES;
				CLANG_WARN_DEPRECATED_OBJC_IMPLEMENTATIONS = YES;
				CLANG_WARN_DIRECT_OBJC_ISA_USAGE = YES_ERROR;
				CLANG_WARN_DOCUMENTATION_COMMENTS = YES;
				CLANG_WARN_EMPTY_BODY = YES;
				CLANG_WARN_ENUM_CONVERSION = YES;
				CLANG_WARN_INFINITE_RECURSION = YES;
				CLANG_WARN_INT_CONVERSION = YES;
				CLANG_WARN_NON_LITERAL_NULL_CONVERSION = YES;
				CLANG_WARN_OBJC_IMPLICIT_RETAIN_SELF = YES;
				CLANG_WARN_OBJC_LITERAL_CONVERSION = YES;
				CLANG_WARN_OBJC_ROOT_CLASS = YES_ERROR;
				CLANG_WARN_QUOTED_INCLUDE_IN_FRAMEWORK_HEADER = YES;
				CLANG_WARN_RANGE_LOOP_ANALYSIS = YES;
				CLANG_WARN_STRICT_PROTOTYPES = YES;
				CLANG_WARN_SUSPICIOUS_MOVE = YES;
				CLANG_WARN_UNGUARDED_AVAILABILITY = YES_AGGRESSIVE;
				CLANG_WARN_UNREACHABLE_CODE = YES;
				CLANG_WARN__DUPLICATE_METHOD_MATCH = YES;
				CODE_SIGN_IDENTITY = "iPhone Developer";
				COPY_PHASE_STRIP = NO;
				DEBUG_INFORMATION_FORMAT = "dwarf-with-dsym";
				ENABLE_NS_ASSERTIONS = NO;
				ENABLE_STRICT_OBJC_MSGSEND = YES;
				GCC_C_LANGUAGE_STANDARD = gnu11;
				GCC_NO_COMMON_BLOCKS = YES;
				GCC_WARN_64_TO_32_BIT_CONVERSION = YES;
				GCC_WARN_ABOUT_RETURN_TYPE = YES_ERROR;
				GCC_WARN_UNDECLARED_SELECTOR = YES;
				GCC_WARN_UNINITIALIZED_AUTOS = YES_AGGRESSIVE;
				GCC_WARN_UNUSED_FUNCTION = YES;
				GCC_WARN_UNUSED_VARIABLE = YES;
				IPHONEOS_DEPLOYMENT_TARGET = 14.0;
				MTL_ENABLE_DEBUG_INFO = NO;
				MTL_FAST_MATH = YES;
				SDKROOT = iphoneos;
				SWIFT_COMPILATION_MODE = wholemodule;
				SWIFT_OPTIMIZATION_LEVEL = "-O";
				SWIFT_VERSION = 5.0;
				VALIDATE_PRODUCT = YES;
			};
			name = Release;
		};
		DED117EF21E2ED5900ABD919 /* Debug */ = {
			isa = XCBuildConfiguration;
			baseConfigurationReference = B971CF1B5CD79F18299B1A47 /* Pods-MasonryStyleLayout.debug.xcconfig */;
			buildSettings = {
				ASSETCATALOG_COMPILER_APPICON_NAME = AppIcon;
				CODE_SIGN_STYLE = Automatic;
				DEVELOPMENT_TEAM = S5BF5553KY;
				INFOPLIST_FILE = MasonryStyleLayout/Info.plist;
				LD_RUNPATH_SEARCH_PATHS = (
					"$(inherited)",
					"@executable_path/Frameworks",
				);
				PRODUCT_BUNDLE_IDENTIFIER = com.just1factory.MasonryStyleLayout;
				PRODUCT_NAME = "$(TARGET_NAME)";
				SWIFT_VERSION = 5.0;
				TARGETED_DEVICE_FAMILY = "1,2";
			};
			name = Debug;
		};
		DED117F021E2ED5900ABD919 /* Release */ = {
			isa = XCBuildConfiguration;
			baseConfigurationReference = 1D49ABA57B92FC5AA1B2AE5D /* Pods-MasonryStyleLayout.release.xcconfig */;
			buildSettings = {
				ASSETCATALOG_COMPILER_APPICON_NAME = AppIcon;
				CODE_SIGN_STYLE = Automatic;
				DEVELOPMENT_TEAM = S5BF5553KY;
				INFOPLIST_FILE = MasonryStyleLayout/Info.plist;
				LD_RUNPATH_SEARCH_PATHS = (
					"$(inherited)",
					"@executable_path/Frameworks",
				);
				PRODUCT_BUNDLE_IDENTIFIER = com.just1factory.MasonryStyleLayout;
				PRODUCT_NAME = "$(TARGET_NAME)";
				SWIFT_VERSION = 5.0;
				TARGETED_DEVICE_FAMILY = "1,2";
			};
			name = Release;
		};
		DED117F221E2ED5900ABD919 /* Debug */ = {
			isa = XCBuildConfiguration;
			baseConfigurationReference = CEA5238B3B8CCEAA9E6C8ED6 /* Pods-MasonryStyleLayoutTests.debug.xcconfig */;
			buildSettings = {
				ALWAYS_EMBED_SWIFT_STANDARD_LIBRARIES = YES;
				BUNDLE_LOADER = "$(TEST_HOST)";
				CODE_SIGN_STYLE = Automatic;
				DEVELOPMENT_TEAM = S5BF5553KY;
				INFOPLIST_FILE = MasonryStyleLayoutTests/Info.plist;
				LD_RUNPATH_SEARCH_PATHS = (
					"$(inherited)",
					"@executable_path/Frameworks",
					"@loader_path/Frameworks",
				);
				PRODUCT_BUNDLE_IDENTIFIER = com.just1factory.MasonryStyleLayoutTests;
				PRODUCT_NAME = "$(TARGET_NAME)";
				SWIFT_VERSION = 5.0;
				TARGETED_DEVICE_FAMILY = "1,2";
				TEST_HOST = "$(BUILT_PRODUCTS_DIR)/MasonryStyleLayout.app/MasonryStyleLayout";
			};
			name = Debug;
		};
		DED117F321E2ED5900ABD919 /* Release */ = {
			isa = XCBuildConfiguration;
			baseConfigurationReference = 7D1B8B6AE08192F41080C15E /* Pods-MasonryStyleLayoutTests.release.xcconfig */;
			buildSettings = {
				ALWAYS_EMBED_SWIFT_STANDARD_LIBRARIES = YES;
				BUNDLE_LOADER = "$(TEST_HOST)";
				CODE_SIGN_STYLE = Automatic;
				DEVELOPMENT_TEAM = S5BF5553KY;
				INFOPLIST_FILE = MasonryStyleLayoutTests/Info.plist;
				LD_RUNPATH_SEARCH_PATHS = (
					"$(inherited)",
					"@executable_path/Frameworks",
					"@loader_path/Frameworks",
				);
				PRODUCT_BUNDLE_IDENTIFIER = com.just1factory.MasonryStyleLayoutTests;
				PRODUCT_NAME = "$(TARGET_NAME)";
				SWIFT_VERSION = 5.0;
				TARGETED_DEVICE_FAMILY = "1,2";
				TEST_HOST = "$(BUILT_PRODUCTS_DIR)/MasonryStyleLayout.app/MasonryStyleLayout";
			};
			name = Release;
		};
		DED117F521E2ED5900ABD919 /* Debug */ = {
			isa = XCBuildConfiguration;
			buildSettings = {
				ALWAYS_EMBED_SWIFT_STANDARD_LIBRARIES = YES;
				CODE_SIGN_STYLE = Automatic;
				DEVELOPMENT_TEAM = S5BF5553KY;
				INFOPLIST_FILE = MasonryStyleLayoutUITests/Info.plist;
				LD_RUNPATH_SEARCH_PATHS = (
					"$(inherited)",
					"@executable_path/Frameworks",
					"@loader_path/Frameworks",
				);
				PRODUCT_BUNDLE_IDENTIFIER = com.just1factory.MasonryStyleLayoutUITests;
				PRODUCT_NAME = "$(TARGET_NAME)";
				SWIFT_VERSION = 5.0;
				TARGETED_DEVICE_FAMILY = "1,2";
				TEST_TARGET_NAME = MasonryStyleLayout;
			};
			name = Debug;
		};
		DED117F621E2ED5900ABD919 /* Release */ = {
			isa = XCBuildConfiguration;
			buildSettings = {
				ALWAYS_EMBED_SWIFT_STANDARD_LIBRARIES = YES;
				CODE_SIGN_STYLE = Automatic;
				DEVELOPMENT_TEAM = S5BF5553KY;
				INFOPLIST_FILE = MasonryStyleLayoutUITests/Info.plist;
				LD_RUNPATH_SEARCH_PATHS = (
					"$(inherited)",
					"@executable_path/Frameworks",
					"@loader_path/Frameworks",
				);
				PRODUCT_BUNDLE_IDENTIFIER = com.just1factory.MasonryStyleLayoutUITests;
				PRODUCT_NAME = "$(TARGET_NAME)";
				SWIFT_VERSION = 5.0;
				TARGETED_DEVICE_FAMILY = "1,2";
				TEST_TARGET_NAME = MasonryStyleLayout;
			};
			name = Release;
		};
/* End XCBuildConfiguration section */

/* Begin XCConfigurationList section */
		DED117C121E2ED5200ABD919 /* Build configuration list for PBXProject "MasonryStyleLayout" */ = {
			isa = XCConfigurationList;
			buildConfigurations = (
				DED117EC21E2ED5900ABD919 /* Debug */,
				DED117ED21E2ED5900ABD919 /* Release */,
			);
			defaultConfigurationIsVisible = 0;
			defaultConfigurationName = Release;
		};
		DED117EE21E2ED5900ABD919 /* Build configuration list for PBXNativeTarget "MasonryStyleLayout" */ = {
			isa = XCConfigurationList;
			buildConfigurations = (
				DED117EF21E2ED5900ABD919 /* Debug */,
				DED117F021E2ED5900ABD919 /* Release */,
			);
			defaultConfigurationIsVisible = 0;
			defaultConfigurationName = Release;
		};
		DED117F121E2ED5900ABD919 /* Build configuration list for PBXNativeTarget "MasonryStyleLayoutTests" */ = {
			isa = XCConfigurationList;
			buildConfigurations = (
				DED117F221E2ED5900ABD919 /* Debug */,
				DED117F321E2ED5900ABD919 /* Release */,
			);
			defaultConfigurationIsVisible = 0;
			defaultConfigurationName = Release;
		};
		DED117F421E2ED5900ABD919 /* Build configuration list for PBXNativeTarget "MasonryStyleLayoutUITests" */ = {
			isa = XCConfigurationList;
			buildConfigurations = (
				DED117F521E2ED5900ABD919 /* Debug */,
				DED117F621E2ED5900ABD919 /* Release */,
			);
			defaultConfigurationIsVisible = 0;
			defaultConfigurationName = Release;
		};
/* End XCConfigurationList section */
	};
	rootObject = DED117BE21E2ED5200ABD919 /* Project object */;
}
